# DDD Evidence Lock
# Immutable, append-only record of source provenance and captured representations.
# Each active entry records an exact cache path in addition to source metadata.
# Updated by: remediation bootstrap 2026-09-02 (GLM-5.3 review corpus)
# EL-007/EL-008 content_digest re-locked 2026-09-02: example credentials in the
# cache notes were sanitized to placeholders before first commit; digests updated
# to match. No other entry modified.
# REF-WS05-R2 appended 2026-09-05 (WS-19 / C-040 landing): the WS-05 round-2
# refutation finding that filed C-040, captured verbatim from
# .ddd/reports/refutation-c-008.yaml round_2 into the cache. No prior entry
# modified.
# Schema: SPEC.md 7.3

# Entries are appended, never modified. Supersession creates a new entry.
schema_version: 0.1.0

entries:

  - id: EL-001
    subject: "GLM-5.3 review 01 - memory model and schema (memongo at 1d98eb36f1)"
    schema_version: 0.1.0
    source_class: code-derived
    source_url: "file:///tmp/memongo-glm53-review/findings/01-memory-model-schema.md"
    publisher: "GLM-5.3 via Grove gateway"
    product: "memongo full-framework review 2026-09-02"
    version: "1d98eb36f1"
    retrieved_at: "2026-09-02T13:41:39.966Z"
    content_digest: "sha256:0cfbe1107ee7531508219a17c350dd4b2d7808c86ab12a6d87725e2b36d35df2"
    doc_version: "1d98eb36f1"
    cache_path: cache/glm53-01-memory-model-schema.md
    sections: ["executive summary", "checklist verification", "correctness bugs", "unknown unknowns", "competitor comparison", "external docs alignment", "recommendations"]
    status: informative
    authority_for: [data-model, data-lifecycle, remediation-priorities]
    freshness: "365d"
    adapter: agent-review
    license: project-internal
    independence: agent-proposed-human-approved
    superseded_by: null
    content_type: "text/markdown"
    notes: "GLM-5.3 full-framework review, EL-001 (01-memory-model-schema.md). Reviewed tree at commit 1d98eb36f1. Commissioned by the maintainer and approved as remediation-plan input on 2026-09-02; per-finding approval is recorded when the owning workstream lands. Captured from /tmp/memongo-glm53-review/findings/01-memory-model-schema.md."

  - id: EL-002
    subject: "GLM-5.3 review 02 - embedding and vector pipeline (memongo at 1d98eb36f1)"
    schema_version: 0.1.0
    source_class: code-derived
    source_url: "file:///tmp/memongo-glm53-review/findings/02-embedding-vector-pipeline.md"
    publisher: "GLM-5.3 via Grove gateway"
    product: "memongo full-framework review 2026-09-02"
    version: "1d98eb36f1"
    retrieved_at: "2026-09-02T13:41:39.966Z"
    content_digest: "sha256:2afa6799eed69f2766d4afcdf907b5633019f510a1d19789e262200fef2e08b2"
    doc_version: "1d98eb36f1"
    cache_path: cache/glm53-02-embedding-vector-pipeline.md
    sections: ["executive summary", "checklist verification", "correctness findings", "unknown unknowns", "competitor comparison", "external documentation alignment", "recommendations"]
    status: informative
    authority_for: [embedding-pipeline, remediation-priorities]
    freshness: "365d"
    adapter: agent-review
    license: project-internal
    independence: agent-proposed-human-approved
    superseded_by: null
    content_type: "text/markdown"
    notes: "GLM-5.3 full-framework review, EL-002 (02-embedding-vector-pipeline.md). Reviewed tree at commit 1d98eb36f1. Commissioned by the maintainer and approved as remediation-plan input on 2026-09-02; per-finding approval is recorded when the owning workstream lands. Captured from /tmp/memongo-glm53-review/findings/02-embedding-vector-pipeline.md."

  - id: EL-003
    subject: "GLM-5.3 review 03 - retrieval and search quality (memongo at 1d98eb36f1)"
    schema_version: 0.1.0
    source_class: code-derived
    source_url: "file:///tmp/memongo-glm53-review/findings/03-retrieval-search-quality.md"
    publisher: "GLM-5.3 via Grove gateway"
    product: "memongo full-framework review 2026-09-02"
    version: "1d98eb36f1"
    retrieved_at: "2026-09-02T13:41:39.966Z"
    content_digest: "sha256:bf74e627a791ae18bdfa683ca7c1cd956911b734a51f5cc6f0c676fa159c52ef"
    doc_version: "1d98eb36f1"
    cache_path: cache/glm53-03-retrieval-search-quality.md
    sections: ["executive summary", "checklist verification", "correctness bugs", "unknown unknowns", "competitor comparison", "external docs alignment", "recommendations"]
    status: informative
    authority_for: [retrieval-quality, remediation-priorities]
    freshness: "365d"
    adapter: agent-review
    license: project-internal
    independence: agent-proposed-human-approved
    superseded_by: null
    content_type: "text/markdown"
    notes: "GLM-5.3 full-framework review, EL-003 (03-retrieval-search-quality.md). Reviewed tree at commit 1d98eb36f1. Commissioned by the maintainer and approved as remediation-plan input on 2026-09-02; per-finding approval is recorded when the owning workstream lands. Captured from /tmp/memongo-glm53-review/findings/03-retrieval-search-quality.md."

  - id: EL-004
    subject: "GLM-5.3 review 04 - lifecycle, consolidation, and decay (memongo at 1d98eb36f1)"
    schema_version: 0.1.0
    source_class: code-derived
    source_url: "file:///tmp/memongo-glm53-review/findings/04-lifecycle-consolidation-decay.md"
    publisher: "GLM-5.3 via Grove gateway"
    product: "memongo full-framework review 2026-09-02"
    version: "1d98eb36f1"
    retrieved_at: "2026-09-02T13:41:39.966Z"
    content_digest: "sha256:fea8a43cb31178f9dc5c95c5d13f2f1d10bbf433895b5738bb1747a4b006dbe4"
    doc_version: "1d98eb36f1"
    cache_path: cache/glm53-04-lifecycle-consolidation-decay.md
    sections: ["executive summary", "checklist verification", "correctness bugs", "unknown unknowns", "competitor comparison", "external docs alignment", "recommendations"]
    status: informative
    authority_for: [memory-lifecycle, data-lifecycle, remediation-priorities]
    freshness: "365d"
    adapter: agent-review
    license: project-internal
    independence: agent-proposed-human-approved
    superseded_by: null
    content_type: "text/markdown"
    notes: "GLM-5.3 full-framework review, EL-004 (04-lifecycle-consolidation-decay.md). Reviewed tree at commit 1d98eb36f1. Commissioned by the maintainer and approved as remediation-plan input on 2026-09-02; per-finding approval is recorded when the owning workstream lands. Captured from /tmp/memongo-glm53-review/findings/04-lifecycle-consolidation-decay.md."

  - id: EL-005
    subject: "GLM-5.3 review 05 - security, tenancy, and access (memongo at 1d98eb36f1)"
    schema_version: 0.1.0
    source_class: code-derived
    source_url: "file:///tmp/memongo-glm53-review/findings/05-security-tenancy-access.md"
    publisher: "GLM-5.3 via Grove gateway"
    product: "memongo full-framework review 2026-09-02"
    version: "1d98eb36f1"
    retrieved_at: "2026-09-02T13:41:39.966Z"
    content_digest: "sha256:5293e0c0e7307e305ff39699cfe78d88b4689e85ce86d080dd4a8bf62f77cbdb"
    doc_version: "1d98eb36f1"
    cache_path: cache/glm53-05-security-tenancy-access.md
    sections: ["executive summary", "checklist verification", "findings (severity-ranked)", "positives worth keeping", "unknown unknowns", "competitor comparison", "external standards alignment", "prioritized recommendations", "recommendations"]
    status: informative
    authority_for: [security, remediation-priorities]
    freshness: "365d"
    adapter: agent-review
    license: project-internal
    independence: agent-proposed-human-approved
    superseded_by: null
    content_type: "text/markdown"
    notes: "GLM-5.3 full-framework review, EL-005 (05-security-tenancy-access.md). Reviewed tree at commit 1d98eb36f1. Commissioned by the maintainer and approved as remediation-plan input on 2026-09-02; per-finding approval is recorded when the owning workstream lands. Captured from /tmp/memongo-glm53-review/findings/05-security-tenancy-access.md."

  - id: EL-006
    subject: "GLM-5.3 review 06 - API and client contracts (memongo at 1d98eb36f1)"
    schema_version: 0.1.0
    source_class: code-derived
    source_url: "file:///tmp/memongo-glm53-review/findings/06-api-client-contracts.md"
    publisher: "GLM-5.3 via Grove gateway"
    product: "memongo full-framework review 2026-09-02"
    version: "1d98eb36f1"
    retrieved_at: "2026-09-02T13:41:39.966Z"
    content_digest: "sha256:cadf9ca9aee7d9b3a8b6a6d5f2b38f26c17538cb25c491e0670c1e1f147eaaac"
    doc_version: "1d98eb36f1"
    cache_path: cache/glm53-06-api-client-contracts.md
    sections: ["executive summary", "checklist verification", "correctness bugs", "unknown unknowns", "competitor comparison", "external docs alignment", "recommendations"]
    status: informative
    authority_for: [api-contracts, security, remediation-priorities]
    freshness: "365d"
    adapter: agent-review
    license: project-internal
    independence: agent-proposed-human-approved
    superseded_by: null
    content_type: "text/markdown"
    notes: "GLM-5.3 full-framework review, EL-006 (06-api-client-contracts.md). Reviewed tree at commit 1d98eb36f1. Commissioned by the maintainer and approved as remediation-plan input on 2026-09-02; per-finding approval is recorded when the owning workstream lands. Captured from /tmp/memongo-glm53-review/findings/06-api-client-contracts.md."

  - id: EL-007
    subject: "GLM-5.3 review 07 - MongoDB operations and resilience (memongo at 1d98eb36f1)"
    schema_version: 0.1.0
    source_class: code-derived
    source_url: "file:///tmp/memongo-glm53-review/findings/07-mongodb-operations-resilience.md"
    publisher: "GLM-5.3 via Grove gateway"
    product: "memongo full-framework review 2026-09-02"
    version: "1d98eb36f1"
    retrieved_at: "2026-09-02T13:41:39.966Z"
    content_digest: "sha256:e8805388dd134cf59c42bc34a1484e156c63d856cb8c8cefc03d2c0cd73cac16"
    doc_version: "1d98eb36f1"
    cache_path: cache/glm53-07-mongodb-operations-resilience.md
    sections: ["executive summary", "checklist verification", "correctness bugs", "unknown unknowns", "competitor comparison", "external docs alignment", "recommendations"]
    status: informative
    authority_for: [mongodb-operations, security, remediation-priorities]
    freshness: "365d"
    adapter: agent-review
    license: project-internal
    independence: agent-proposed-human-approved
    superseded_by: null
    content_type: "text/markdown"
    notes: "GLM-5.3 full-framework review, EL-007 (07-mongodb-operations-resilience.md). Reviewed tree at commit 1d98eb36f1. Commissioned by the maintainer and approved as remediation-plan input on 2026-09-02; per-finding approval is recorded when the owning workstream lands. Captured from /tmp/memongo-glm53-review/findings/07-mongodb-operations-resilience.md."

  - id: EL-008
    subject: "GLM-5.3 review 08 - observability, testing, and QA (memongo at 1d98eb36f1)"
    schema_version: 0.1.0
    source_class: code-derived
    source_url: "file:///tmp/memongo-glm53-review/findings/08-observability-testing-qa.md"
    publisher: "GLM-5.3 via Grove gateway"
    product: "memongo full-framework review 2026-09-02"
    version: "1d98eb36f1"
    retrieved_at: "2026-09-02T13:41:39.966Z"
    content_digest: "sha256:97a94754b4fc9ae3b6bb57545dffc4ff1d94d4ede5afe61b9a2e92697a878c70"
    doc_version: "1d98eb36f1"
    cache_path: cache/glm53-08-observability-testing-qa.md
    sections: ["executive summary", "checklist verification", "correctness bugs", "unknown unknowns", "competitor comparison", "external docs alignment", "recommendations"]
    status: informative
    authority_for: [ci-observability, remediation-priorities]
    freshness: "365d"
    adapter: agent-review
    license: project-internal
    independence: agent-proposed-human-approved
    superseded_by: null
    content_type: "text/markdown"
    notes: "GLM-5.3 full-framework review, EL-008 (08-observability-testing-qa.md). Reviewed tree at commit 1d98eb36f1. Commissioned by the maintainer and approved as remediation-plan input on 2026-09-02; per-finding approval is recorded when the owning workstream lands. Captured from /tmp/memongo-glm53-review/findings/08-observability-testing-qa.md."

  - id: EL-009
    subject: "GLM-5.3 review 09 - performance, scale, and cost (memongo at 1d98eb36f1)"
    schema_version: 0.1.0
    source_class: code-derived
    source_url: "file:///tmp/memongo-glm53-review/findings/09-performance-scale-cost.md"
    publisher: "GLM-5.3 via Grove gateway"
    product: "memongo full-framework review 2026-09-02"
    version: "1d98eb36f1"
    retrieved_at: "2026-09-02T13:41:39.966Z"
    content_digest: "sha256:80efb49e7b18ecedcc6fa342d1dc031e7e6a343a1682f109f2a5849f3071c1fe"
    doc_version: "1d98eb36f1"
    cache_path: cache/glm53-09-performance-scale-cost.md
    sections: ["executive summary", "checklist verification", "correctness bugs", "unknown unknowns", "competitor comparison", "external docs alignment", "recommendations"]
    status: informative
    authority_for: [performance-cost, remediation-priorities]
    freshness: "365d"
    adapter: agent-review
    license: project-internal
    independence: agent-proposed-human-approved
    superseded_by: null
    content_type: "text/markdown"
    notes: "GLM-5.3 full-framework review, EL-009 (09-performance-scale-cost.md). Reviewed tree at commit 1d98eb36f1. Commissioned by the maintainer and approved as remediation-plan input on 2026-09-02; per-finding approval is recorded when the owning workstream lands. Captured from /tmp/memongo-glm53-review/findings/09-performance-scale-cost.md."

  - id: EL-010
    subject: "GLM-5.3 review 10 - integration, DX, and deployment (memongo at 1d98eb36f1)"
    schema_version: 0.1.0
    source_class: code-derived
    source_url: "file:///tmp/memongo-glm53-review/findings/10-integration-dx-deployment.md"
    publisher: "GLM-5.3 via Grove gateway"
    product: "memongo full-framework review 2026-09-02"
    version: "1d98eb36f1"
    retrieved_at: "2026-09-02T13:41:39.966Z"
    content_digest: "sha256:90b881b0180f97e3bc1316a1cba78ba4db57f3cbe081627ebae920de09b85b47"
    doc_version: "1d98eb36f1"
    cache_path: cache/glm53-10-integration-dx-deployment.md
    sections: ["executive summary", "checklist verification", "correctness bugs", "unknown unknowns", "competitor / prior-art comparison", "external docs alignment", "recommendations", "verification notes and caveats"]
    status: informative
    authority_for: [integration-dx, security, remediation-priorities]
    freshness: "365d"
    adapter: agent-review
    license: project-internal
    independence: agent-proposed-human-approved
    superseded_by: null
    content_type: "text/markdown"
    notes: "GLM-5.3 full-framework review, EL-010 (10-integration-dx-deployment.md). Reviewed tree at commit 1d98eb36f1. Commissioned by the maintainer and approved as remediation-plan input on 2026-09-02; per-finding approval is recorded when the owning workstream lands. Captured from /tmp/memongo-glm53-review/findings/10-integration-dx-deployment.md."

  - id: EL-011
    subject: "GLM-5.3 review synthesis - cross-category inventory and ranking (memongo at 1d98eb36f1)"
    schema_version: 0.1.0
    source_class: code-derived
    source_url: "file:///tmp/memongo-glm53-review/findings/99-SYNTHESIS.md"
    publisher: "GLM-5.3 via Grove gateway"
    product: "memongo full-framework review 2026-09-02"
    version: "1d98eb36f1"
    retrieved_at: "2026-09-02T13:41:39.966Z"
    content_digest: "sha256:34fd42e27f78aa678aa2a4bf1ede18ed3f543a9fc7a56d01c1d184d9b81d66bd"
    doc_version: "1d98eb36f1"
    cache_path: cache/glm53-99-synthesis.md
    sections: ["findings inventory", "the nine p0s", "cross-category unknown unknowns", "systemic risks", "ranked recommendations", "strengths", "method and verification status", "recommendations"]
    status: informative
    authority_for: [remediation-priorities, data-model, data-lifecycle, embedding-pipeline, retrieval-quality, memory-lifecycle, security, api-contracts, mongodb-operations, ci-observability, performance-cost, integration-dx]
    freshness: "365d"
    adapter: agent-review
    license: project-internal
    independence: agent-proposed-human-approved
    superseded_by: null
    content_type: "text/markdown"
    notes: "GLM-5.3 full-framework review, EL-011 (99-SYNTHESIS.md). Reviewed tree at commit 1d98eb36f1. Commissioned by the maintainer and approved as remediation-plan input on 2026-09-02; per-finding approval is recorded when the owning workstream lands. Captured from /tmp/memongo-glm53-review/findings/99-SYNTHESIS.md."

  - id: REF-WS05-R2
    subject: "WS-05 (C-008) round-2 refutation finding: uncovered-injection-surfaces (memongo at 3c2dee0fdd)"
    schema_version: 0.1.0
    source_class: code-derived
    source_url: "file://.ddd/reports/refutation-c-008.yaml#round_2"
    publisher: "factory-droid worker subagent, WS-05 round-2 refuter (independent of the WS-05 implementer)"
    product: "memongo WS-05 round-2 refutation (worker-subagent-independent-round2)"
    version: "3c2dee0fdd"
    retrieved_at: "2026-09-05T21:36:00.000Z"
    content_digest: "sha256:e90b78a59307390bd4e392d716c7777c7fabd15740a6c5baafed7259613b6179"
    doc_version: "3c2dee0fdd"
    cache_path: cache/ref-ws05-r2-uncovered-injection-surfaces.md
    sections: ["findings/uncovered-injection-surfaces"]
    status: informative
    authority_for: [security, remediation-priorities]
    freshness: "365d"
    adapter: agent-review
    license: project-internal
    independence: agent-proposed-human-approved
    superseded_by: null
    content_type: "text/markdown"
    notes: "REF-WS05-R2 is the WS-05 (C-008) round-2 refutation finding uncovered-injection-surfaces, executed by an independent worker subagent against the WS-05 landed tree (commit 3c2dee0fdd, 2026-09-04): the AI-SDK tools and the MCP server returned raw stored retrieval payloads outside the C-008 envelope's evidenced pi-surface scope. The finding was adjudicated as a claim-scope defect and routed to the new claim C-040; that adjudication and claim filing constitute the approval recorded here (agent-proposed, accepted into the remediation ledger). Round 3 of the same report spot-checked the finding accurate before it was filed. The finding is captured verbatim into the cache from .ddd/reports/refutation-c-008.yaml round_2; the obligation C-040 derives from it is quoted in the capture."
# EL-012..EL-015 appended 2026-09-06 (Wave 1a / W01 grounding + compare):
# official MongoDB documentation sections relied on for the access-identity
# fix. Captures hold the verbatim contract sections plus analysis; digests
# over the cache files. No prior entry modified.

  - id: EL-012
    subject: "MongoDB Manual - Unique Indexes (compound identity contract)"
    schema_version: 0.1.0
    source_class: official-doc
    source_url: "https://www.mongodb.com/docs/manual/core/index-unique/"
    publisher: "MongoDB (mongodb.com official documentation)"
    product: "MongoDB Server Manual"
    version: "8.x (local stack 8.3.8)"
    retrieved_at: "2026-09-06T06:01:00.000Z"
    content_digest: "sha256:44a44e781c444e531d1d275232cbfaf2e984ec5570c48a89e16ab3bdca975d24"
    doc_version: "manual-current-2026-09-06"
    cache_path: cache/mongodb-manual-unique-indexes.md
    sections: ["Unique Indexes"]
    status: active
    authority_for: [data-model, tenancy-identity]
    freshness: "365d"
    adapter: web-fetch
    license: "MongoDB docs: public web documentation, fair-use quotes in cache"
    independence: independent-of-remediation
    superseded_by: null
    content_type: "text/markdown"
    notes: "Wave 1a (W01) grounding: a unique compound index makes any given combination of index values appear at most once, so row identity is the full combination. Applied to structured_mem/procedures/entities/relations unique indexes to require full-compound canonical access filters."

  - id: EL-013
    subject: "MongoDB Manual - db.collection.updateOne() (first-match filter semantics)"
    schema_version: 0.1.0
    source_class: official-doc
    source_url: "https://www.mongodb.com/docs/manual/reference/method/db.collection.updateOne/"
    publisher: "MongoDB (mongodb.com official documentation)"
    product: "MongoDB Server Manual"
    version: "8.x (local stack 8.3.8)"
    retrieved_at: "2026-09-06T06:02:00.000Z"
    content_digest: "sha256:e8a0e32027d35ddde0af67cd5d1396793494306b85fcf91956e086c243f00e37"
    doc_version: "manual-current-2026-09-06"
    cache_path: cache/mongodb-manual-update-one.md
    sections: ["Behavior"]
    status: active
    authority_for: [crud-write-semantics]
    freshness: "365d"
    adapter: web-fetch
    license: "MongoDB docs: public web documentation, fair-use quotes in cache"
    independence: independent-of-remediation
    superseded_by: null
    content_type: "text/markdown"
    notes: "Wave 1a (W01) grounding: updateOne modifies the first match of the filter; a non-unique filter in a shared collection can update another tenant's row; zero matches change nothing. Basis for exact-compound filters and the explicit fail-safe skip."

  - id: EL-014
    subject: "MongoDB Node.js Driver - Modify Documents (driver updateOne semantics)"
    schema_version: 0.1.0
    source_class: official-doc
    source_url: "https://www.mongodb.com/docs/drivers/node/current/fundamentals/crud/write-operations/modify/"
    publisher: "MongoDB (mongodb.com official documentation)"
    product: "MongoDB Node.js Driver documentation"
    version: "current (repo-locked driver v7 line)"
    retrieved_at: "2026-09-06T06:05:00.000Z"
    content_digest: "sha256:9e48398c344a651628ce1750d76ca0de465ab679203c41f8ef7944c9ffd7ecd6"
    doc_version: "driver-current-2026-09-06"
    cache_path: cache/mongodb-node-driver-modify.md
    sections: ["Update Documents", "updateOne"]
    status: active
    authority_for: [crud-write-semantics]
    freshness: "365d"
    adapter: web-fetch
    license: "MongoDB docs: public web documentation, fair-use quotes in cache"
    independence: independent-of-remediation
    superseded_by: null
    content_type: "text/markdown"
    notes: "Wave 1a (W01) grounding + compare: the driver bulkWrite updateOne ops used by AccessTracker.doFlush share first-match and no-match-no-change semantics; filter exactness is the caller's obligation."

  - id: EL-015
    subject: "MongoDB Manual - Time Series Collections (measurement fields and metaField restrictions)"
    schema_version: 0.1.0
    source_class: official-doc
    source_url: "https://www.mongodb.com/docs/manual/core/timeseries-collections/"
    publisher: "MongoDB (mongodb.com official documentation)"
    product: "MongoDB Server Manual"
    version: "8.x (local stack 8.3.8)"
    retrieved_at: "2026-09-06T09:14:00.000Z"
    content_digest: "sha256:002c38f629ef706dc977eb0c414b8eaff44f0106c2188f12047e6e8bee641482"
    doc_version: "manual-current-2026-09-06"
    cache_path: cache/mongodb-manual-timeseries.md
    sections: ["Measurements", "metaFields", "Updates"]
    status: active
    authority_for: [data-model, time-series]
    freshness: "365d"
    adapter: web-fetch
    license: "MongoDB docs: public web documentation, fair-use quotes in cache"
    independence: independent-of-remediation
    superseded_by: null
    content_type: "text/markdown"
    notes: "Wave 1a (W01) compare phase: measurements are time + metadata + all metrics recorded at that moment (arbitrary top-level metric fields are the documented shape); metaField cannot be added after creation (unchanged by the fix; new identity fields are top-level metrics); update limitations do not apply (insert-only path). Live round-trip verified in the GREEN probe."

# EL-016..EL-018 appended 2026-09-06 (Wave 1b / W02+W03+W12 grounding and
# compare): official MongoDB documentation sections relied on for the erasure
# retry/race and quarantine crash-window fixes. Captures hold verbatim
# contract sections plus analysis; digests over the cache files. No prior
# entry modified.

  - id: EL-016
    subject: "MongoDB Manual - db.collection.deleteMany() (delete semantics and re-check guidance)"
    schema_version: 0.1.0
    source_class: official-doc
    source_url: "https://www.mongodb.com/docs/manual/reference/method/db.collection.deleteMany/"
    publisher: "MongoDB (mongodb.com official documentation)"
    product: "MongoDB Server Manual"
    version: "8.x (local stack 8.3.8)"
    retrieved_at: "2026-09-06T07:12:00.000Z"
    content_digest: "sha256:fff6e9afe65a01e5195c9e44024d274184d75af49ecf60d8d01f599417502059"
    doc_version: "manual-current-2026-09-06"
    cache_path: cache/mongodb-manual-delete-many.md
    sections: ["Definition", "Behavior"]
    status: active
    authority_for: [crud-write-semantics, erasure-integrity]
    freshness: "365d"
    adapter: web-fetch
    license: "MongoDB docs: public web documentation, fair-use quotes in cache"
    independence: independent-of-remediation
    superseded_by: null
    content_type: "text/markdown"
    notes: "Wave 1b (W02) grounding: deleteMany removes all filter matches and returns deletedCount; the manual's own re-check guidance (re-query until empty) is the basis for the erasure post-sweep verification pass."

  - id: EL-017
    subject: "MongoDB Manual - db.collection.countDocuments() (accurate post-delete counting)"
    schema_version: 0.1.0
    source_class: official-doc
    source_url: "https://www.mongodb.com/docs/manual/reference/method/db.collection.countDocuments/"
    publisher: "MongoDB (mongodb.com official documentation)"
    product: "MongoDB Server Manual"
    version: "8.x (local stack 8.3.8)"
    retrieved_at: "2026-09-06T07:12:00.000Z"
    content_digest: "sha256:474b15e0723017feeaa621fbcafc7ca2e4d377a28e2fb8c95f23b63186b146a3"
    doc_version: "manual-current-2026-09-06"
    cache_path: cache/mongodb-manual-count-documents.md
    sections: ["Mechanics", "Empty or Non-Existing Collections and Views"]
    status: active
    authority_for: [erasure-integrity, observability]
    freshness: "365d"
    adapter: web-fetch
    license: "MongoDB docs: public web documentation, fair-use quotes in cache"
    independence: independent-of-remediation
    superseded_by: null
    content_type: "text/markdown"
    notes: "Wave 1b (W03) grounding: countDocuments is aggregation-based and accurate (unlike metadata counts) and returns 0 for missing collections — the semantics the erasure residual verification requires."

  - id: EL-018
    subject: "MongoDB Manual - Partial Indexes (partialFilterExpression operators, partial TTL)"
    schema_version: 0.1.0
    source_class: official-doc
    source_url: "https://www.mongodb.com/docs/manual/core/index-partial/"
    publisher: "MongoDB (mongodb.com official documentation)"
    product: "MongoDB Server Manual"
    version: "8.x (local stack 8.3.8)"
    retrieved_at: "2026-09-06T07:12:00.000Z"
    content_digest: "sha256:f4d88bffb68055534b3cf80dde4a29b11ce4f2dceb5a2cf57668d2dd381634b3"
    doc_version: "manual-current-2026-09-06"
    cache_path: cache/mongodb-manual-partial-indexes.md
    sections: ["Create a Partial Index", "Partial TTL Indexes", "Restrictions"]
    status: active
    authority_for: [data-lifecycle, schema]
    freshness: "365d"
    adapter: web-fetch
    license: "MongoDB docs: public web documentation, fair-use quotes in cache"
    independence: independent-of-remediation
    superseded_by: null
    content_type: "text/markdown"
    notes: "Wave 1b (W12) grounding: partialFilterExpression officially accepts $in; partial TTL indexes expire only matching documents. Basis for widening the quarantine pending-TTL filter to include the leased 'promoting' state, with drop-first migration (same name + different options = IndexOptionsConflict). Live-verified on the local 8.3.8 server."

  - id: EL-019
    subject: "MongoDB Manual - updateMany (multi-document updates, idempotency requirement, UpdateResult counts)"
    schema_version: 0.1.0
    source_class: official-doc
    source_url: "https://www.mongodb.com/docs/manual/reference/method/db.collection.updateMany/"
    publisher: "MongoDB (mongodb.com official documentation)"
    product: "MongoDB Server Manual"
    version: "8.x (local stack 8.3.8)"
    retrieved_at: "2026-09-06T08:35:00.000Z"
    content_digest: "sha256:203f20a89d74e9f7627d55f2a253268eb5859823280e9957f8b4b840c13ca593"
    doc_version: "manual-current-2026-09-06"
    cache_path: cache/mongodb-manual-update-many.md
    sections: ["Definition", "Returns", "Behavior", "Limitations", "Idempotent Updates"]
    status: active
    authority_for: [data-lifecycle, crud-write-semantics]
    freshness: "365d"
    adapter: web-fetch
    license: "MongoDB docs: public web documentation, fair-use quotes in cache"
    independence: independent-of-remediation
    superseded_by: null
    content_type: "text/markdown"
    notes: "Wave 1c (W18) grounding: updateMany is per-document atomic but not atomic as a whole, and 'should only be used for idempotent operations' with the manual's own rerun-until-no-match guidance. Basis for the dead-letter sweep (running rows with spent retry budget and expired/missing lease transition to failed + deadLetterAt, lease fields unset): idempotent by construction because transitioned rows leave the running state, so a re-run matches nothing (modifiedCount 0). Live-verified on the local 8.3.8 server (w1c probe)."

  - id: EL-020
    subject: "MongoDB Manual - db.collection.insertMany() (unordered execution, writeErrors vs writeConcernErrors, partial-result shape)"
    schema_version: 0.1.0
    source_class: official-doc
    source_url: "https://www.mongodb.com/docs/manual/reference/method/db.collection.insertMany/"
    publisher: "MongoDB (mongodb.com official documentation)"
    product: "MongoDB Server Manual"
    version: "8.x (local stack 8.3.8)"
    retrieved_at: "2026-09-06T12:15:00.000Z"
    content_digest: "sha256:001721ee6827460624771028c9b041ac0413fef7586182f9f57624c5a7cf54b4"
    doc_version: "manual-current-2026-09-06"
    cache_path: cache/mongodb-manual-insert-many.md
    sections: ["Execution of Operations", "Error Handling", "Collection and _id Field Creation", "Unordered Inserts", "Using Write Concern", "Batching"]
    status: active
    authority_for: [crud-write-semantics, write-durability]
    freshness: "365d"
    adapter: web-fetch
    license: "MongoDB docs: public web documentation, fair-use quotes in cache"
    independence: independent-of-remediation
    superseded_by: null
    content_type: "text/markdown"
    notes: "Wave 2a (W09) grounding: unordered inserts continue past per-item errors; writeErrors and writeConcernErrors are reported in separate fields; the thrown MongoBulkWriteError carries a full partial result (insertedIds keyed by original array index) plus per-error index/code. E11000 on a self-retried item is evidence the first copy is durable, not a fresh failure."

  - id: EL-021
    subject: "MongoDB Manual - Retryable Writes (driver single retry, NoWritesPerformed tri-state)"
    schema_version: 0.1.0
    source_class: official-doc
    source_url: "https://www.mongodb.com/docs/manual/core/retryable-writes/"
    publisher: "MongoDB (mongodb.com official documentation)"
    product: "MongoDB Server Manual"
    version: "8.x (local stack 8.3.8)"
    retrieved_at: "2026-09-06T12:15:00.000Z"
    content_digest: "sha256:13cea595d22b53c54933c2cccb37dd46aca982d7f960b6979b13e454ef91fc8b"
    doc_version: "manual-current-2026-09-06"
    cache_path: cache/mongodb-manual-retryable-writes.md
    sections: ["Retryable Write Operations", "Persistent Network Errors", "Failover Period", "Error Handling"]
    status: active
    authority_for: [write-durability, retry-semantics]
    freshness: "365d"
    adapter: web-fetch
    license: "MongoDB docs: public web documentation, fair-use quotes in cache"
    independence: independent-of-remediation
    superseded_by: null
    content_type: "text/markdown"
    notes: "Wave 2a (W09) grounding: insertMany (single-document inserts) is driver-retried once automatically; an error without the NoWritesPerformed label means partial-or-full work persisted; with the label (6.1+) zero writes were performed. Client-unresponsive-beyond-session-timeout may retry-and-apply-again: caller-side retries must be idempotent via stable _ids."

  - id: EL-022
    subject: "MongoDB Manual - Write Concern (writeConcernError means uncertain, not failed; wtimeout does not undo writes)"
    schema_version: 0.1.0
    source_class: official-doc
    source_url: "https://www.mongodb.com/docs/manual/reference/write-concern/"
    publisher: "MongoDB (mongodb.com official documentation)"
    product: "MongoDB Server Manual"
    version: "8.x (local stack 8.3.8)"
    retrieved_at: "2026-09-06T12:15:00.000Z"
    content_digest: "sha256:6009a39475ec0f1257bc5cffacd5497ea25b682b6365e3a81aff5d38f6ffd46d"
    doc_version: "manual-current-2026-09-06"
    cache_path: cache/mongodb-manual-write-concern.md
    sections: ["Write Concern Specification", "wtimeout", "Implicit Default Write Concern", "Acknowledgment Behavior"]
    status: active
    authority_for: [write-durability, retry-semantics]
    freshness: "365d"
    adapter: web-fetch
    license: "MongoDB docs: public web documentation, fair-use quotes in cache"
    independence: independent-of-remediation
    superseded_by: null
    content_type: "text/markdown"
    notes: "Wave 2a (W09) grounding: wtimeout returns a write concern error even when the write succeeded on the primary and MongoDB does not undo successful modifications; a writeConcernError is an uncertain outcome (may replicate or roll back), never a per-item failure signal. Application must keep repair markers intact and verify by read before classifying."

  - id: EL-023
    subject: "MongoDB Node Driver 7.5.0 - MongoBulkWriteError / BulkWriteResult / WriteError shapes (shipped type declarations)"
    schema_version: 0.1.0
    source_class: code-derived
    source_url: "file:///Users/rom.iluz/Dev/memongo/node_modules/mongodb/mongodb.d.ts"
    publisher: "MongoDB Node.js Driver (installed npm package)"
    product: "mongodb npm package"
    version: "7.5.0 (installed, engine dependency)"
    retrieved_at: "2026-09-06T12:15:00.000Z"
    content_digest: "sha256:4187655dccf386590cd167f51dee1a027e97e71c052ca23a0f1ec46a16ef2550"
    doc_version: "7.5.0"
    cache_path: cache/mongodb-driver-7.5-bulk-write-types.md
    sections: ["MongoBulkWriteError", "BulkWriteResult", "WriteError", "WriteConcernError", "NoWritesPerformed label"]
    status: active
    authority_for: [crud-write-semantics, retry-semantics]
    freshness: "365d"
    adapter: local-package-types
    license: "Apache-2.0 (mongodb driver); type excerpts quoted for verification"
    independence: independent-of-remediation
    superseded_by: null
    content_type: "text/markdown"
    notes: "Wave 2a (W09) implementation basis, version-exact to the installed driver: MongoBulkWriteError.result carries the partial BulkWriteResult even on throw; writeErrors are per-item with .index/.code; hasErrorLabel('NoWritesPerformed') detects the zero-writes guarantee; .err/getWriteConcernError() expose the uncertain write-concern signal separately. These are the exact fields the reconciliation branches on."

# EL-024..EL-026 appended 2026-09-06 (Wave 2b / W07+W14+W15 grounding):
# official MongoDB and Node.js documentation sections relied on for the
# ingest/sync durability fixes. Captures hold verbatim contract sections
# plus analysis; digests over the cache files. No prior entry modified.

  - id: EL-024
    subject: "MongoDB Manual - Transactions (atomicity contract, callback API retries, 6.2/8.1 transaction limits)"
    schema_version: 0.1.0
    source_class: official-doc
    source_url: "https://www.mongodb.com/docs/manual/core/transactions/"
    publisher: "MongoDB (mongodb.com official documentation)"
    product: "MongoDB Server Manual"
    version: "8.x (local stack 8.3.8)"
    retrieved_at: "2026-09-06T13:40:00.000Z"
    content_digest: "sha256:bcd0296a9cad7d0cd6d9e4972978990153fdd3fa8bc0e718c2f1a6af39c2910c"
    doc_version: "manual-current-2026-09-06"
    cache_path: cache/mongodb-manual-transactions.md
    sections: ["Transactions and Atomicity", "Transactions API", "Important (driver usage requirements)", "Transactions and Sessions", "Transactions and Operations"]
    status: active
    authority_for: [write-durability, crud-write-semantics]
    freshness: "365d"
    adapter: web-fetch
    license: "MongoDB docs: public web documentation, fair-use quotes in cache"
    independence: independent-of-remediation
    superseded_by: null
    content_type: "text/markdown"
    notes: "Wave 2b (W15) grounding: distributed transactions are all-or-nothing (commit saves all changes; abort discards them without ever becoming visible) — the basis for moving the per-file delete + chunk-upsert + metadata replacement into one callback-API transaction. TransactionTooLargeForCache (6.2+) is not server-retried, bounding per-transaction payload. On 8.1+ an upsert in a transaction does not retry on duplicate key, so chunk-identity collisions (W07) must be fixed before transactional upsert paths are trusted."

  - id: EL-025
    subject: "MongoDB Manual - db.collection.bulkWrite() (updateOne first-match, ordered/unordered execution, in-transaction error handling)"
    schema_version: 0.1.0
    source_class: official-doc
    source_url: "https://www.mongodb.com/docs/manual/reference/method/db.collection.bulkWrite/"
    publisher: "MongoDB (mongodb.com official documentation)"
    product: "MongoDB Server Manual"
    version: "8.x (local stack 8.3.8)"
    retrieved_at: "2026-09-06T13:40:00.000Z"
    content_digest: "sha256:7c9c3dd07f04a7034d1cc0c510ed4d5e13fd69b8106209e477a02b4f8fd31714"
    doc_version: "manual-current-2026-09-06"
    cache_path: cache/mongodb-manual-bulkwrite.md
    sections: ["Write Operations (updateOne and updateMany)", "_id Field", "Execution of Operations", "Error Handling", "Transactions (bulkWrite inside a transaction)", "Error Handling inside Transactions"]
    status: active
    authority_for: [crud-write-semantics, write-durability]
    freshness: "365d"
    adapter: web-fetch
    license: "MongoDB docs: public web documentation, fair-use quotes in cache"
    independence: independent-of-remediation
    superseded_by: null
    content_type: "text/markdown"
    notes: "Wave 2b (W07) grounding: updateOne updates a single document matching the filter (first match only) and upsert:true creates on no match; _id values must be unique within the collection. Two bulk updateOne ops with the same filter/_id collapse onto one document — the second op matches the first op's upserted document and overwrites it (last-write-wins, no duplicate-key guard). This is the exact mechanism by which same-line chunk segments with colliding storageId:startLine:endLine identities lose all but one segment. Also grounds W15: inside a transaction, the first bulkWrite error aborts the whole transaction even when unordered."

  - id: EL-026
    subject: "Node.js Docs - fsPromises.readdir (complete-listing fulfillment, rejection-only error delivery)"
    schema_version: 0.1.0
    source_class: official-doc
    source_url: "https://nodejs.org/api/fs.html#fspromisesreaddirpath-options"
    publisher: "Node.js (nodejs.org official documentation)"
    product: "Node.js runtime documentation"
    version: "current LTS line (repo requires Node 20+)"
    retrieved_at: "2026-09-06T13:40:00.000Z"
    content_digest: "sha256:948c4c7cdb3faa5e35aa4edaff6afdd0bba423cca609655729f83eed5a3ba1fe"
    doc_version: "nodejs-docs-current-2026-09-06"
    cache_path: cache/nodejs-fs-readdir-errors.md
    sections: ["fsPromises.readdir(path[, options])"]
    status: active
    authority_for: [ingest-durability]
    freshness: "365d"
    adapter: web-fetch
    license: "Node.js docs: open-source documentation, fair-use quotes in cache"
    independence: independent-of-remediation
    superseded_by: null
    content_type: "text/markdown"
    notes: "Wave 2b (W14) grounding: fsPromises.readdir fulfills with the complete array of names in the directory and delivers errors exclusively by promise rejection (the official example wraps the call in try/catch); there is no partial-result mode. A rejected enumeration (EACCES, EMFILE, transient I/O) means the listing is unavailable, never that the directory is empty — so the current catch{} in listMemoryFiles that reinterprets enumeration failure as zero files, feeding an empty validPaths into stale-chunk cleanup, is a documented-contract violation and the basis for the enumeration-incomplete guard."

# EL-027..EL-031 appended 2026-09-06 (Wave 2c / W06+W11+W13+W16+W17
# grounding): official MongoDB documentation sections relied on for the
# access-tracker exactly-once flush and the time-series constraint set that
# shapes it. Captures hold verbatim contract sections plus analysis; digests
# over the cache files. No prior entry modified.

  - id: EL-027
    subject: "MongoDB Manual - Time Series Indexes (secondary indexes on any field, prohibited unique/text/2d)"
    schema_version: 0.1.0
    source_class: official-doc
    source_url: "https://www.mongodb.com/docs/manual/core/timeseries/timeseries-index/"
    publisher: "MongoDB (mongodb.com official documentation)"
    product: "MongoDB Server Manual"
    version: "8.x (local stack 8.3.8)"
    retrieved_at: "2026-09-06T15:04:18.000Z"
    content_digest: "sha256:6b6ca72ae248da98fa163cb4e6a5d70d84df17354bf7f3ab3a259fa4991ba7fe"
    doc_version: "manual-current-2026-09-06"
    cache_path: cache/mongodb-manual-timeseries-index.md
    sections: ["Secondary indexes on any field", "Prohibited Indexes", "Compound Indexes"]
    status: active
    authority_for: [data-model, time-series]
    freshness: "365d"
    adapter: web-fetch
    license: "MongoDB docs: public web documentation, fair-use quotes in cache"
    independence: independent-of-remediation
    superseded_by: null
    content_type: "text/markdown"
    notes: "Wave 2c (W11) grounding: secondary indexes on ANY field are allowed on time-series collections from 6.0 (basis for the batchId index on access_events); unique indexes are prohibited on time-series collections, so raw-event dedupe cannot be constraint-enforced and must be read-reconcile by batchId."

  - id: EL-028
    subject: "MongoDB Manual - Time Series Collection Limitations (no transactions, no _id index, update restrictions)"
    schema_version: 0.1.0
    source_class: official-doc
    source_url: "https://www.mongodb.com/docs/manual/core/timeseries/timeseries-limitations/"
    publisher: "MongoDB (mongodb.com official documentation)"
    product: "MongoDB Server Manual"
    version: "8.x (local stack 8.3.8)"
    retrieved_at: "2026-09-06T15:04:18.000Z"
    content_digest: "sha256:3fbb4745458ba60849f24b57207c5df302aff19f43c620ce794ad3d0c01a13da"
    doc_version: "manual-current-2026-09-06"
    cache_path: cache/mongodb-manual-timeseries-limitations.md
    sections: ["Transactions", "Indexes (Default Index, unsupported index types)", "Updates", "Unsupported Features"]
    status: active
    authority_for: [time-series, crud-write-semantics]
    freshness: "365d"
    adapter: web-fetch
    license: "MongoDB docs: public web documentation, fair-use quotes in cache"
    independence: independent-of-remediation
    superseded_by: null
    content_type: "text/markdown"
    notes: "Wave 2c (W11) grounding: you cannot write to time-series collections in transactions, so a tracker flush spanning access_events plus canonical collections cannot be jointly atomic and each phase must be independently idempotent; no default _id index and no unique indexes on time-series collections force read-reconcile dedupe for raw events. Update restrictions are out of scope for the fix (access_events path is insert-only)."

  - id: EL-029
    subject: "MongoDB Manual - $ne query operator (missing-field and scalar-on-array semantics)"
    schema_version: 0.1.0
    source_class: official-doc
    source_url: "https://www.mongodb.com/docs/manual/reference/operator/query/ne/"
    publisher: "MongoDB (mongodb.com official documentation)"
    product: "MongoDB Server Manual"
    version: "8.x (local stack 8.3.8)"
    retrieved_at: "2026-09-06T15:04:18.000Z"
    content_digest: "sha256:31aeeb793ac6735c7a3eee085e4f7f6a4fc8422e484115bf3aa6b6126571be1d"
    doc_version: "manual-current-2026-09-06"
    cache_path: cache/mongodb-manual-query-ne.md
    sections: ["Definition", "Arrays (Scalar comparison)"]
    status: active
    authority_for: [crud-write-semantics, retry-semantics]
    freshness: "365d"
    adapter: web-fetch
    license: "MongoDB docs: public web documentation, fair-use quotes in cache"
    independence: independent-of-remediation
    superseded_by: null
    content_type: "text/markdown"
    notes: "Wave 2c (W11) grounding: $ne selects documents where the field value is not equal to the specified value, including documents that do not contain the field; scalar $ne against an array matches where the scalar is not an element of the array, including missing fields. Basis for the filter-side canonical exactly-once guard: {compound identity, appliedBatches: {$ne: batchId}} matches legacy and other-batch documents, excludes exactly the documents that already applied this batch, and a no-match updateOne changes nothing."

  - id: EL-030
    subject: "MongoDB Manual - $push update operator (missing-field creation, $each/$slice modifiers)"
    schema_version: 0.1.0
    source_class: official-doc
    source_url: "https://www.mongodb.com/docs/manual/reference/operator/update/push/"
    publisher: "MongoDB (mongodb.com official documentation)"
    product: "MongoDB Server Manual"
    version: "8.x (local stack 8.3.8)"
    retrieved_at: "2026-09-06T15:04:18.000Z"
    content_digest: "sha256:698d71a9918f62a57684024c26499191fbdca3bf2f813def4112a6bfb0b0c82f"
    doc_version: "manual-current-2026-09-06"
    cache_path: cache/mongodb-manual-update-push.md
    sections: ["Definition", "Behavior (missing field)", "Modifiers"]
    status: active
    authority_for: [crud-write-semantics, retry-semantics]
    freshness: "365d"
    adapter: web-fetch
    license: "MongoDB docs: public web documentation, fair-use quotes in cache"
    independence: independent-of-remediation
    superseded_by: null
    content_type: "text/markdown"
    notes: "Wave 2c (W11) grounding: $push appends a value to an array, creating the array field if absent; $each appends multiple values and $slice (which requires $each) limits the number of elements. Basis for recording appliedBatches in the same atomic updateOne that performs the guarded increments, with bounded growth via $slice."

  - id: EL-031
    subject: "MongoDB Manual - $slice update modifier (negative value keeps last N elements)"
    schema_version: 0.1.0
    source_class: official-doc
    source_url: "https://www.mongodb.com/docs/manual/reference/operator/update/slice/"
    publisher: "MongoDB (mongodb.com official documentation)"
    product: "MongoDB Server Manual"
    version: "8.x (local stack 8.3.8)"
    retrieved_at: "2026-09-06T15:04:18.000Z"
    content_digest: "sha256:31e76a3bd76767a2d285b758a123e7b2f98c6e2002417776bd08b79032ac5f03"
    doc_version: "manual-current-2026-09-06"
    cache_path: cache/mongodb-manual-update-slice.md
    sections: ["Definition", "Value semantics", "Slice from the End of the Array"]
    status: active
    authority_for: [crud-write-semantics, retry-semantics]
    freshness: "365d"
    adapter: web-fetch
    license: "MongoDB docs: public web documentation, fair-use quotes in cache"
    independence: independent-of-remediation
    superseded_by: null
    content_type: "text/markdown"
    notes: "Wave 2c (W11) grounding: a negative $slice value updates the array to contain only the last N elements, so appliedBatches { $each: [batchId], $slice: -32 } retains the most recent batch ids — the re-buffered retry's batchId stays guarded for 32 further applied batches on the same document while the array is permanently bounded."
